
Microsoft Visual Studio Solution File, Format Version 12.00
# Visual Studio 2012
Project("{FAE04EC0-301F-11D3-BF4B-00C04F79EFBC}") = "MVCwithAngularyJS", "MVCwithAngularyJS\MVCwithAngularyJS.csproj", "{ED491FD2-EA55-4B24-958D-29E1C0129627}"
EndProject
Global
	GlobalSection(SolutionConfigurationPlatforms) = preSolution
		Debug|Any CPU = Debug|Any CPU
		Release|Any CPU = Release|Any CPU
	EndGlobalSection
	GlobalSection(ProjectConfigurationPlatforms) = postSolution
		{ED491FD2-EA55-4B24-958D-29E1C0129627}.Debug|Any CPU.ActiveCfg = Debug|Any CPU
		{ED491FD2-EA55-4B24-958D-29E1C0129627}.Debug|Any CPU.Build.0 = Debug|Any CPU
		{ED491FD2-EA55-4B24-958D-29E1C0129627}.Release|Any CPU.ActiveCfg = Release|Any CPU
		{ED491FD2-EA55-4B24-958D-29E1C0129627}.Release|Any CPU.Build.0 = Release|Any CPU
	EndGlobalSection
	GlobalSection(SolutionProperties) = preSolution
		HideSolutionNode = FALSE
	EndGlobalSection
EndGlobal
